
Microsoft Visual Studio Solution File, Format Version 9.00
# Visual Studio 2005
Project("{8BC9CEB8-8B4A-11D0-8D11-00A0C91BC942}") = "libdaff", "libdaff.vcproj", "{5888DDBD-66DC-44B3-98BD-2A4A5E22B458}"
EndProject
Project("{8BC9CEB8-8B4A-11D0-8D11-00A0C91BC942}") = "DAFFTool", "DAFFTool.vcproj", "{D8CF43FB-5F41-4765-90AD-0BEAB336A277}"
	ProjectSection(ProjectDependencies) = postProject
		{5888DDBD-66DC-44B3-98BD-2A4A5E22B458} = {5888DDBD-66DC-44B3-98BD-2A4A5E22B458}
	EndProjectSection
EndProject
Project("{8BC9CEB8-8B4A-11D0-8D11-00A0C91BC942}") = "DAFFViewer", "DAFFViewer.vcproj", "{412245C2-8AC5-C185-0B18-721435B7CC0D}"
	ProjectSection(ProjectDependencies) = postProject
		{5888DDBD-66DC-44B3-98BD-2A4A5E22B458} = {5888DDBD-66DC-44B3-98BD-2A4A5E22B458}
	EndProjectSection
EndProject
Project("{8BC9CEB8-8B4A-11D0-8D11-00A0C91BC942}") = "EndianessTest", "EndianessTest.vcproj", "{CDF5FCB6-97AD-4449-BE75-21489255214D}"
	ProjectSection(ProjectDependencies) = postProject
		{5888DDBD-66DC-44B3-98BD-2A4A5E22B458} = {5888DDBD-66DC-44B3-98BD-2A4A5E22B458}
	EndProjectSection
EndProject
Project("{8BC9CEB8-8B4A-11D0-8D11-00A0C91BC942}") = "ReaderTest", "ReaderTest.vcproj", "{CDF5FCB6-97AD-4449-BAB2-21489253B17C}"
	ProjectSection(ProjectDependencies) = postProject
		{5888DDBD-66DC-44B3-98BD-2A4A5E22B458} = {5888DDBD-66DC-44B3-98BD-2A4A5E22B458}
	EndProjectSection
EndProject
Project("{8BC9CEB8-8B4A-11D0-8D11-00A0C91BC942}") = "SCTransformTest", "SCTransformTest.vcproj", "{CDF5FCB6-97AD-4449-BAB2-214892AB187A}"
	ProjectSection(ProjectDependencies) = postProject
		{5888DDBD-66DC-44B3-98BD-2A4A5E22B458} = {5888DDBD-66DC-44B3-98BD-2A4A5E22B458}
	EndProjectSection
EndProject
Project("{2150E333-8FDC-42A3-9474-1A3956D46DE8}") = "Tests", "Tests", "{8B817E93-B011-4672-A2B5-1A9CF26BED62}"
EndProject
Project("{2150E333-8FDC-42A3-9474-1A3956D46DE8}") = "Library", "Library", "{766C08E4-9529-4261-8B80-C51EBEDB395D}"
EndProject
Project("{2150E333-8FDC-42A3-9474-1A3956D46DE8}") = "Utils", "Utils", "{FA55EE2B-4196-4E90-A6C2-55D837556883}"
EndProject
Project("{8BC9CEB8-8B4A-11D0-8D11-00A0C91BC942}") = "libdaff-dll", "libdaff-dll.vcproj", "{5888DDBD-66DC-44B3-98BD-2A4A5E22B459}"
	ProjectSection(ProjectDependencies) = postProject
		{5888DDBD-66DC-44B3-98BD-2A4A5E22B458} = {5888DDBD-66DC-44B3-98BD-2A4A5E22B458}
	EndProjectSection
EndProject
Project("{2150E333-8FDC-42A3-9474-1A3956D46DE8}") = "Bindings", "Bindings", "{7CFD6EE2-186D-4116-8479-EA1CFBCA6C86}"
EndProject
Project("{8BC9CEB8-8B4A-11D0-8D11-00A0C91BC942}") = "daffmex", "daffmex.vcproj", "{806ADFF2-D25C-4862-9BF8-55BE82531CF7}"
	ProjectSection(ProjectDependencies) = postProject
		{5888DDBD-66DC-44B3-98BD-2A4A5E22B458} = {5888DDBD-66DC-44B3-98BD-2A4A5E22B458}
	EndProjectSection
EndProject
Project("{8BC9CEB8-8B4A-11D0-8D11-00A0C91BC942}") = "VerificationTest", "VerificationTest.vcproj", "{CDF5FCB6-97AD-4449-BAB2-23289253AA3D}"
	ProjectSection(ProjectDependencies) = postProject
		{5888DDBD-66DC-44B3-98BD-2A4A5E22B458} = {5888DDBD-66DC-44B3-98BD-2A4A5E22B458}
	EndProjectSection
EndProject
Global
	GlobalSection(SolutionConfigurationPlatforms) = preSolution
		Debug|Win32 = Debug|Win32
		Debug|x64 = Debug|x64
		Release|Win32 = Release|Win32
		Release|x64 = Release|x64
	EndGlobalSection
	GlobalSection(ProjectConfigurationPlatforms) = postSolution
		{5888DDBD-66DC-44B3-98BD-2A4A5E22B458}.Debug|Win32.ActiveCfg = Debug|Win32
		{5888DDBD-66DC-44B3-98BD-2A4A5E22B458}.Debug|Win32.Build.0 = Debug|Win32
		{5888DDBD-66DC-44B3-98BD-2A4A5E22B458}.Debug|x64.ActiveCfg = Debug|x64
		{5888DDBD-66DC-44B3-98BD-2A4A5E22B458}.Debug|x64.Build.0 = Debug|x64
		{5888DDBD-66DC-44B3-98BD-2A4A5E22B458}.Release|Win32.ActiveCfg = Release|Win32
		{5888DDBD-66DC-44B3-98BD-2A4A5E22B458}.Release|Win32.Build.0 = Release|Win32
		{5888DDBD-66DC-44B3-98BD-2A4A5E22B458}.Release|x64.ActiveCfg = Release|x64
		{5888DDBD-66DC-44B3-98BD-2A4A5E22B458}.Release|x64.Build.0 = Release|x64
		{D8CF43FB-5F41-4765-90AD-0BEAB336A277}.Debug|Win32.ActiveCfg = Debug|Win32
		{D8CF43FB-5F41-4765-90AD-0BEAB336A277}.Debug|Win32.Build.0 = Debug|Win32
		{D8CF43FB-5F41-4765-90AD-0BEAB336A277}.Debug|x64.ActiveCfg = Debug|x64
		{D8CF43FB-5F41-4765-90AD-0BEAB336A277}.Debug|x64.Build.0 = Debug|x64
		{D8CF43FB-5F41-4765-90AD-0BEAB336A277}.Release|Win32.ActiveCfg = Release|Win32
		{D8CF43FB-5F41-4765-90AD-0BEAB336A277}.Release|Win32.Build.0 = Release|Win32
		{D8CF43FB-5F41-4765-90AD-0BEAB336A277}.Release|x64.ActiveCfg = Release|x64
		{D8CF43FB-5F41-4765-90AD-0BEAB336A277}.Release|x64.Build.0 = Release|x64
		{412245C2-8AC5-C185-0B18-721435B7CC0D}.Debug|Win32.ActiveCfg = Debug|Win32
		{412245C2-8AC5-C185-0B18-721435B7CC0D}.Debug|Win32.Build.0 = Debug|Win32
		{412245C2-8AC5-C185-0B18-721435B7CC0D}.Debug|x64.ActiveCfg = Debug|x64
		{412245C2-8AC5-C185-0B18-721435B7CC0D}.Debug|x64.Build.0 = Debug|x64
		{412245C2-8AC5-C185-0B18-721435B7CC0D}.Release|Win32.ActiveCfg = Release|Win32
		{412245C2-8AC5-C185-0B18-721435B7CC0D}.Release|Win32.Build.0 = Release|Win32
		{412245C2-8AC5-C185-0B18-721435B7CC0D}.Release|x64.ActiveCfg = Release|x64
		{412245C2-8AC5-C185-0B18-721435B7CC0D}.Release|x64.Build.0 = Release|x64
		{CDF5FCB6-97AD-4449-BE75-21489255214D}.Debug|Win32.ActiveCfg = Debug|Win32
		{CDF5FCB6-97AD-4449-BE75-21489255214D}.Debug|Win32.Build.0 = Debug|Win32
		{CDF5FCB6-97AD-4449-BE75-21489255214D}.Debug|x64.ActiveCfg = Debug|x64
		{CDF5FCB6-97AD-4449-BE75-21489255214D}.Debug|x64.Build.0 = Debug|x64
		{CDF5FCB6-97AD-4449-BE75-21489255214D}.Release|Win32.ActiveCfg = Release|Win32
		{CDF5FCB6-97AD-4449-BE75-21489255214D}.Release|Win32.Build.0 = Release|Win32
		{CDF5FCB6-97AD-4449-BE75-21489255214D}.Release|x64.ActiveCfg = Release|x64
		{CDF5FCB6-97AD-4449-BE75-21489255214D}.Release|x64.Build.0 = Release|x64
		{CDF5FCB6-97AD-4449-BAB2-21489253B17C}.Debug|Win32.ActiveCfg = Debug|Win32
		{CDF5FCB6-97AD-4449-BAB2-21489253B17C}.Debug|Win32.Build.0 = Debug|Win32
		{CDF5FCB6-97AD-4449-BAB2-21489253B17C}.Debug|x64.ActiveCfg = Debug|x64
		{CDF5FCB6-97AD-4449-BAB2-21489253B17C}.Debug|x64.Build.0 = Debug|x64
		{CDF5FCB6-97AD-4449-BAB2-21489253B17C}.Release|Win32.ActiveCfg = Release|Win32
		{CDF5FCB6-97AD-4449-BAB2-21489253B17C}.Release|Win32.Build.0 = Release|Win32
		{CDF5FCB6-97AD-4449-BAB2-21489253B17C}.Release|x64.ActiveCfg = Release|x64
		{CDF5FCB6-97AD-4449-BAB2-21489253B17C}.Release|x64.Build.0 = Release|x64
		{CDF5FCB6-97AD-4449-BAB2-214892AB187A}.Debug|Win32.ActiveCfg = Debug|Win32
		{CDF5FCB6-97AD-4449-BAB2-214892AB187A}.Debug|Win32.Build.0 = Debug|Win32
		{CDF5FCB6-97AD-4449-BAB2-214892AB187A}.Debug|x64.ActiveCfg = Debug|x64
		{CDF5FCB6-97AD-4449-BAB2-214892AB187A}.Debug|x64.Build.0 = Debug|x64
		{CDF5FCB6-97AD-4449-BAB2-214892AB187A}.Release|Win32.ActiveCfg = Release|Win32
		{CDF5FCB6-97AD-4449-BAB2-214892AB187A}.Release|Win32.Build.0 = Release|Win32
		{CDF5FCB6-97AD-4449-BAB2-214892AB187A}.Release|x64.ActiveCfg = Release|x64
		{CDF5FCB6-97AD-4449-BAB2-214892AB187A}.Release|x64.Build.0 = Release|x64
		{5888DDBD-66DC-44B3-98BD-2A4A5E22B459}.Debug|Win32.ActiveCfg = Debug|Win32
		{5888DDBD-66DC-44B3-98BD-2A4A5E22B459}.Debug|Win32.Build.0 = Debug|Win32
		{5888DDBD-66DC-44B3-98BD-2A4A5E22B459}.Debug|x64.ActiveCfg = Debug|x64
		{5888DDBD-66DC-44B3-98BD-2A4A5E22B459}.Debug|x64.Build.0 = Debug|x64
		{5888DDBD-66DC-44B3-98BD-2A4A5E22B459}.Release|Win32.ActiveCfg = Release|Win32
		{5888DDBD-66DC-44B3-98BD-2A4A5E22B459}.Release|Win32.Build.0 = Release|Win32
		{5888DDBD-66DC-44B3-98BD-2A4A5E22B459}.Release|x64.ActiveCfg = Release|x64
		{5888DDBD-66DC-44B3-98BD-2A4A5E22B459}.Release|x64.Build.0 = Release|x64
		{806ADFF2-D25C-4862-9BF8-55BE82531CF7}.Debug|Win32.ActiveCfg = Debug|Win32
		{806ADFF2-D25C-4862-9BF8-55BE82531CF7}.Debug|Win32.Build.0 = Debug|Win32
		{806ADFF2-D25C-4862-9BF8-55BE82531CF7}.Debug|x64.ActiveCfg = Debug|x64
		{806ADFF2-D25C-4862-9BF8-55BE82531CF7}.Debug|x64.Build.0 = Debug|x64
		{806ADFF2-D25C-4862-9BF8-55BE82531CF7}.Release|Win32.ActiveCfg = Release|Win32
		{806ADFF2-D25C-4862-9BF8-55BE82531CF7}.Release|Win32.Build.0 = Release|Win32
		{806ADFF2-D25C-4862-9BF8-55BE82531CF7}.Release|x64.ActiveCfg = Release|x64
		{806ADFF2-D25C-4862-9BF8-55BE82531CF7}.Release|x64.Build.0 = Release|x64
		{CDF5FCB6-97AD-4449-BAB2-23289253AA3D}.Debug|Win32.ActiveCfg = Debug|Win32
		{CDF5FCB6-97AD-4449-BAB2-23289253AA3D}.Debug|Win32.Build.0 = Debug|Win32
		{CDF5FCB6-97AD-4449-BAB2-23289253AA3D}.Debug|x64.ActiveCfg = Debug|x64
		{CDF5FCB6-97AD-4449-BAB2-23289253AA3D}.Debug|x64.Build.0 = Debug|x64
		{CDF5FCB6-97AD-4449-BAB2-23289253AA3D}.Release|Win32.ActiveCfg = Release|Win32
		{CDF5FCB6-97AD-4449-BAB2-23289253AA3D}.Release|Win32.Build.0 = Release|Win32
		{CDF5FCB6-97AD-4449-BAB2-23289253AA3D}.Release|x64.ActiveCfg = Release|x64
		{CDF5FCB6-97AD-4449-BAB2-23289253AA3D}.Release|x64.Build.0 = Release|x64
	EndGlobalSection
	GlobalSection(SolutionProperties) = preSolution
		HideSolutionNode = FALSE
	EndGlobalSection
	GlobalSection(NestedProjects) = preSolution
		{5888DDBD-66DC-44B3-98BD-2A4A5E22B458} = {766C08E4-9529-4261-8B80-C51EBEDB395D}
		{5888DDBD-66DC-44B3-98BD-2A4A5E22B459} = {766C08E4-9529-4261-8B80-C51EBEDB395D}
		{412245C2-8AC5-C185-0B18-721435B7CC0D} = {FA55EE2B-4196-4E90-A6C2-55D837556883}
		{D8CF43FB-5F41-4765-90AD-0BEAB336A277} = {FA55EE2B-4196-4E90-A6C2-55D837556883}
		{CDF5FCB6-97AD-4449-BAB2-21489253B17C} = {8B817E93-B011-4672-A2B5-1A9CF26BED62}
		{CDF5FCB6-97AD-4449-BAB2-214892AB187A} = {8B817E93-B011-4672-A2B5-1A9CF26BED62}
		{CDF5FCB6-97AD-4449-BE75-21489255214D} = {8B817E93-B011-4672-A2B5-1A9CF26BED62}
		{CDF5FCB6-97AD-4449-BAB2-23289253AA3D} = {8B817E93-B011-4672-A2B5-1A9CF26BED62}
		{806ADFF2-D25C-4862-9BF8-55BE82531CF7} = {7CFD6EE2-186D-4116-8479-EA1CFBCA6C86}
	EndGlobalSection
EndGlobal
